<?xml version="1.0" encoding="utf-8"?>
<Project ToolsVersion="4.0" xmlns="http://schemas.microsoft.com/developer/msbuild/2003">
  <ItemGroup>
    <Filter Include="Assets">
      <UniqueIdentifier>{3824E0A7-24C6-0A7E-0D81-1ED2F9C191CE}</UniqueIdentifier>
    </Filter>
    <Filter Include="Core">
      <UniqueIdentifier>{2EB4837C-1AEB-840D-C3D7-6A10AFED000F}</UniqueIdentifier>
    </Filter>
    <Filter Include="Debug">
      <UniqueIdentifier>{0C95060D-78A9-2EBE-412B-D21DADFE2AEF}</UniqueIdentifier>
    </Filter>
    <Filter Include="Events">
      <UniqueIdentifier>{3A8963B1-262B-8E87-0FE6-A1DBFB2615D8}</UniqueIdentifier>
    </Filter>
    <Filter Include="Input">
      <UniqueIdentifier>{953A660D-014F-8EBE-CAD0-311E36A48AEF}</UniqueIdentifier>
    </Filter>
    <Filter Include="Renderer">
      <UniqueIdentifier>{7CCE658F-689B-C09A-91B4-AE427DE0F528}</UniqueIdentifier>
    </Filter>
    <Filter Include="Renderer\GraphicsAPI">
      <UniqueIdentifier>{D6677642-C2F6-FF0B-6B15-1407578310B2}</UniqueIdentifier>
    </Filter>
    <Filter Include="Renderer\GraphicsAPI\D3D11">
      <UniqueIdentifier>{4287243D-2E97-D00D-9750-352C837FBFA6}</UniqueIdentifier>
    </Filter>
    <Filter Include="Scene">
      <UniqueIdentifier>{B3F7140E-1F0C-3DBF-E88D-E01E546139F0}</UniqueIdentifier>
    </Filter>
  </ItemGroup>
  <ItemGroup>
    <ClInclude Include="src\Assets\Asset.h">
      <Filter>Assets</Filter>
    </ClInclude>
    <ClInclude Include="src\Assets\AssetLoader.h">
      <Filter>Assets</Filter>
    </ClInclude>
    <ClInclude Include="src\Assets\AssetManager.h">
      <Filter>Assets</Filter>
    </ClInclude>
    <ClInclude Include="src\Core\Application.h">
      <Filter>Core</Filter>
    </ClInclude>
    <ClInclude Include="src\Core\ConfigurationLoader.h">
      <Filter>Core</Filter>
    </ClInclude>
    <ClInclude Include="src\Core\Core.h">
      <Filter>Core</Filter>
    </ClInclude>
    <ClInclude Include="src\Core\Layer.h">
      <Filter>Core</Filter>
    </ClInclude>
    <ClInclude Include="src\Core\LayerStack.h">
      <Filter>Core</Filter>
    </ClInclude>
    <ClInclude Include="src\Core\Random.h">
      <Filter>Core</Filter>
    </ClInclude>
    <ClInclude Include="src\Core\Timestep.h">
      <Filter>Core</Filter>
    </ClInclude>
    <ClInclude Include="src\Core\UUID.h">
      <Filter>Core</Filter>
    </ClInclude>
    <ClInclude Include="src\Core\Window.h">
      <Filter>Core</Filter>
    </ClInclude>
    <ClInclude Include="src\Core\WindowStack.h">
      <Filter>Core</Filter>
    </ClInclude>
    <ClInclude Include="src\Debug\GraphicsInfo.h">
      <Filter>Debug</Filter>
    </ClInclude>
    <ClInclude Include="src\Debug\ImGuiLayer.h">
      <Filter>Debug</Filter>
    </ClInclude>
    <ClInclude Include="src\Debug\Log.h">
      <Filter>Debug</Filter>
    </ClInclude>
    <ClInclude Include="src\Debug\WindowInfo.h">
      <Filter>Debug</Filter>
    </ClInclude>
    <ClInclude Include="src\Events\ApplicationEvents.h">
      <Filter>Events</Filter>
    </ClInclude>
    <ClInclude Include="src\Events\Event.h">
      <Filter>Events</Filter>
    </ClInclude>
    <ClInclude Include="src\Events\EventManager.h">
      <Filter>Events</Filter>
    </ClInclude>
    <ClInclude Include="src\Events\KeyEvents.h">
      <Filter>Events</Filter>
    </ClInclude>
    <ClInclude Include="src\Events\MouseEvents.h">
      <Filter>Events</Filter>
    </ClInclude>
    <ClInclude Include="src\Input\ControllerCodes.h">
      <Filter>Input</Filter>
    </ClInclude>
    <ClInclude Include="src\Input\Input.h">
      <Filter>Input</Filter>
    </ClInclude>
    <ClInclude Include="src\Input\KeyCodes.h">
      <Filter>Input</Filter>
    </ClInclude>
    <ClInclude Include="src\Input\MouseCodes.h">
      <Filter>Input</Filter>
    </ClInclude>
    <ClInclude Include="src\Renderer\Camera.h">
      <Filter>Renderer</Filter>
    </ClInclude>
    <ClInclude Include="src\Renderer\GraphicsAPI\D3D11\D3D11Backend.h">
      <Filter>Renderer\GraphicsAPI\D3D11</Filter>
    </ClInclude>
    <ClInclude Include="src\Renderer\GraphicsAPI\GraphicsAPI.h">
      <Filter>Renderer\GraphicsAPI</Filter>
    </ClInclude>
    <ClInclude Include="src\Renderer\GraphicsAPI\GraphicsCore.h">
      <Filter>Renderer\GraphicsAPI</Filter>
    </ClInclude>
    <ClInclude Include="src\Renderer\Material.h">
      <Filter>Renderer</Filter>
    </ClInclude>
    <ClInclude Include="src\Renderer\GraphicsAPI\D3D11\D3D11PipelineState.h">
      <Filter>Renderer</Filter>
    </ClInclude>
    <ClInclude Include="src\Renderer\RenderManager.h">
      <Filter>Renderer</Filter>
    </ClInclude>
    <ClInclude Include="src\Renderer\Shader.h">
      <Filter>Renderer</Filter>
    </ClInclude>
    <ClInclude Include="src\Renderer\Texture.h">
      <Filter>Renderer</Filter>
    </ClInclude>
    <ClInclude Include="src\Scene\Components.h">
      <Filter>Scene</Filter>
    </ClInclude>
    <ClInclude Include="src\Scene\Entity.h">
      <Filter>Scene</Filter>
    </ClInclude>
    <ClInclude Include="src\Scene\Scene.h">
      <Filter>Scene</Filter>
    </ClInclude>
    <ClInclude Include="src\corepch.h" />
    <ClInclude Include="src\nino.h" />
    <ClInclude Include="src\Renderer\GraphicsAPI\D3D11\D3D11Buffer.h" />
    <ClInclude Include="src\Renderer\GraphicsAPI\D3D11\D3D11Shader.h" />
    <ClInclude Include="src\Renderer\GraphicsAPI\D3D11\D3D11Texture.h" />
  </ItemGroup>
  <ItemGroup>
    <ClCompile Include="src\Assets\AssetLoader.cpp">
      <Filter>Assets</Filter>
    </ClCompile>
    <ClCompile Include="src\Assets\AssetManager.cpp">
      <Filter>Assets</Filter>
    </ClCompile>
    <ClCompile Include="src\Core\Application.cpp">
      <Filter>Core</Filter>
    </ClCompile>
    <ClCompile Include="src\Core\LayerStack.cpp">
      <Filter>Core</Filter>
    </ClCompile>
    <ClCompile Include="src\Core\Window.cpp">
      <Filter>Core</Filter>
    </ClCompile>
    <ClCompile Include="src\Core\WindowStack.cpp">
      <Filter>Core</Filter>
    </ClCompile>
    <ClCompile Include="src\Debug\GraphicsInfo.cpp">
      <Filter>Debug</Filter>
    </ClCompile>
    <ClCompile Include="src\Debug\ImGuiLayer.cpp">
      <Filter>Debug</Filter>
    </ClCompile>
    <ClCompile Include="src\Debug\Log.cpp">
      <Filter>Debug</Filter>
    </ClCompile>
    <ClCompile Include="src\Events\EventManager.cpp">
      <Filter>Events</Filter>
    </ClCompile>
    <ClCompile Include="src\Renderer\Camera.cpp">
      <Filter>Renderer</Filter>
    </ClCompile>
    <ClCompile Include="src\Renderer\GraphicsAPI\D3D11\D3D11Backend.cpp">
      <Filter>Renderer\GraphicsAPI\D3D11</Filter>
    </ClCompile>
    <ClCompile Include="src\Renderer\Material.cpp">
      <Filter>Renderer</Filter>
    </ClCompile>
    <ClCompile Include="src\Renderer\GraphicsAPI\D3D11\D3D11PipelineState.cpp">
      <Filter>Renderer</Filter>
    </ClCompile>
    <ClCompile Include="src\Renderer\RenderManager.cpp">
      <Filter>Renderer</Filter>
    </ClCompile>
    <ClCompile Include="src\Renderer\Shader.cpp">
      <Filter>Renderer</Filter>
    </ClCompile>
    <ClCompile Include="src\Scene\Scene.cpp">
      <Filter>Scene</Filter>
    </ClCompile>
    <ClCompile Include="src\corepch.cpp" />
    <ClCompile Include="src\Renderer\GraphicsAPI\GraphicsAPI.cpp" />
    <ClCompile Include="src\Renderer\GraphicsAPI\D3D11\D3D11Buffer.cpp" />
    <ClCompile Include="src\Renderer\GraphicsAPI\D3D11\D3D11Shader.cpp" />
    <ClCompile Include="src\Renderer\GraphicsAPI\D3D11\D3D11Texture.cpp" />
  </ItemGroup>
</Project>