<?xml version="1.0" encoding="utf-8"?>
<Project ToolsVersion="4.0" xmlns="http://schemas.microsoft.com/developer/msbuild/2003">
  <ItemGroup>
    <Filter Include="Events">
      <UniqueIdentifier>{3A8963B1-262B-8E87-0FE6-A1DBFB2615D8}</UniqueIdentifier>
    </Filter>
    <Filter Include="Renderer">
      <UniqueIdentifier>{7CCE658F-689B-C09A-91B4-AE427DE0F528}</UniqueIdentifier>
    </Filter>
  </ItemGroup>
  <ItemGroup>
    <ClInclude Include="src\Application.h" />
    <ClInclude Include="src\Core.h" />
    <ClInclude Include="src\Events\Event.h">
      <Filter>Events</Filter>
    </ClInclude>
    <ClInclude Include="src\Events\EventManager.h">
      <Filter>Events</Filter>
    </ClInclude>
    <ClInclude Include="src\Events\WindowEvents.h">
      <Filter>Events</Filter>
    </ClInclude>
    <ClInclude Include="src\Layer.h" />
    <ClInclude Include="src\LayerStack.h" />
    <ClInclude Include="src\Log.h" />
    <ClInclude Include="src\Renderer\Renderer.h">
      <Filter>Renderer</Filter>
    </ClInclude>
    <ClInclude Include="src\Renderer\GraphicsAPI.h">
      <Filter>Renderer</Filter>
    </ClInclude>
    <ClInclude Include="src\Timestep.h" />
    <ClInclude Include="src\Window.h" />
    <ClInclude Include="src\corepch.h" />
    <ClInclude Include="src\nino.h" />
    <ClInclude Include="src\Renderer\BackBuffer.h" />
    <ClInclude Include="src\Renderer\GraphicsCore.h" />
    <ClInclude Include="src\Renderer\CommandManager.h" />
    <ClInclude Include="src\Renderer\GraphicsContext.h" />
  </ItemGroup>
  <ItemGroup>
    <ClCompile Include="src\Application.cpp" />
    <ClCompile Include="src\Events\EventManager.cpp">
      <Filter>Events</Filter>
    </ClCompile>
    <ClCompile Include="src\LayerStack.cpp" />
    <ClCompile Include="src\Log.cpp" />
    <ClCompile Include="src\Renderer\Renderer.cpp">
      <Filter>Renderer</Filter>
    </ClCompile>
    <ClCompile Include="src\Renderer\GraphicsAPI.cpp">
      <Filter>Renderer</Filter>
    </ClCompile>
    <ClCompile Include="src\Window.cpp" />
    <ClCompile Include="src\corepch.cpp" />
    <ClCompile Include="src\Renderer\BackBuffer.cpp" />
    <ClCompile Include="src\Renderer\CommandManager.cpp" />
    <ClCompile Include="src\Renderer\GraphicsContext.cpp" />
  </ItemGroup>
</Project>